{
  "version": 4,
  "terraform_version": "1.0.5",
  "serial": 184,
  "lineage": "a7d1b325-58e3-397f-a085-d13d05847d45",
  "outputs": {},
  "resources": [
    {
      "mode": "data",
      "type": "aws_iam_policy",
      "name": "lambdaBasicPolicy",
      "provider": "provider[\"registry.terraform.io/hashicorp/aws\"]",
      "instances": [
        {
          "schema_version": 0,
          "attributes": {
            "arn": "arn:aws:iam::aws:policy/service-role/AWSLambdaBasicExecutionRole",
            "description": "Provides write permissions to CloudWatch Logs.",
            "id": "arn:aws:iam::aws:policy/service-role/AWSLambdaBasicExecutionRole",
            "name": "AWSLambdaBasicExecutionRole",
            "path": "/service-role/",
            "path_prefix": null,
            "policy": "{\n  \"Version\": \"2012-10-17\",\n  \"Statement\": [\n    {\n      \"Effect\": \"Allow\",\n      \"Action\": [\n        \"logs:CreateLogGroup\",\n        \"logs:CreateLogStream\",\n        \"logs:PutLogEvents\"\n      ],\n      \"Resource\": \"*\"\n    }\n  ]\n}",
            "policy_id": "ANPAJNCQGXC42545SKXIK",
            "tags": {}
          },
          "sensitive_attributes": []
        }
      ]
    },
    {
      "mode": "data",
      "type": "aws_iam_policy_document",
      "name": "lambda-assume-role-policy",
      "provider": "provider[\"registry.terraform.io/hashicorp/aws\"]",
      "instances": [
        {
          "schema_version": 0,
          "attributes": {
            "id": "3693445097",
            "json": "{\n  \"Version\": \"2012-10-17\",\n  \"Statement\": [\n    {\n      \"Sid\": \"\",\n      \"Effect\": \"Allow\",\n      \"Action\": \"sts:AssumeRole\",\n      \"Principal\": {\n        \"Service\": \"lambda.amazonaws.com\"\n      }\n    }\n  ]\n}",
            "override_json": null,
            "override_policy_documents": null,
            "policy_id": null,
            "source_json": null,
            "source_policy_documents": null,
            "statement": [
              {
                "actions": [
                  "sts:AssumeRole"
                ],
                "condition": [],
                "effect": "Allow",
                "not_actions": [],
                "not_principals": [],
                "not_resources": [],
                "principals": [
                  {
                    "identifiers": [
                      "lambda.amazonaws.com"
                    ],
                    "type": "Service"
                  }
                ],
                "resources": [],
                "sid": ""
              }
            ],
            "version": "2012-10-17"
          },
          "sensitive_attributes": []
        }
      ]
    },
    {
      "mode": "data",
      "type": "aws_iam_policy_document",
      "name": "lambdaBasicExecutionPolicy",
      "provider": "provider[\"registry.terraform.io/hashicorp/aws\"]",
      "instances": [
        {
          "schema_version": 0,
          "attributes": {
            "id": "1734755858",
            "json": "{\n  \"Version\": \"2012-10-17\",\n  \"Id\": \"arn:aws:iam::aws:policy/service-role/AWSLambdaBasicExecutionRole\",\n  \"Statement\": null\n}",
            "override_json": null,
            "override_policy_documents": null,
            "policy_id": "arn:aws:iam::aws:policy/service-role/AWSLambdaBasicExecutionRole",
            "source_json": null,
            "source_policy_documents": null,
            "statement": null,
            "version": "2012-10-17"
          },
          "sensitive_attributes": []
        }
      ]
    },
    {
      "mode": "managed",
      "type": "aws_api_gateway_integration",
      "name": "bookAppointmentLambdaIntegration",
      "provider": "provider[\"registry.terraform.io/hashicorp/aws\"]",
      "instances": [
        {
          "schema_version": 0,
          "attributes": {
            "cache_key_parameters": null,
            "cache_namespace": "o93sol",
            "connection_id": "",
            "connection_type": "INTERNET",
            "content_handling": "",
            "credentials": "",
            "http_method": "POST",
            "id": "agi-op8ffw6bil-o93sol-POST",
            "integration_http_method": "POST",
            "passthrough_behavior": "WHEN_NO_MATCH",
            "request_parameters": null,
            "request_templates": null,
            "resource_id": "o93sol",
            "rest_api_id": "op8ffw6bil",
            "timeout_milliseconds": 29000,
            "tls_config": [],
            "type": "AWS_PROXY",
            "uri": "arn:aws:apigateway:us-east-1:lambda:path/2015-03-31/functions/arn:aws:lambda:us-east-1:767487638823:function:bookAppointment/invocations"
          },
          "sensitive_attributes": [],
          "private": "bnVsbA==",
          "dependencies": [
            "aws_api_gateway_method.bookAppointmentPost",
            "aws_api_gateway_resource.bookAppointment",
            "aws_api_gateway_rest_api.crowdlessRestAPI",
            "aws_iam_role.crowdless_lambda_role",
            "aws_lambda_function.bookAppointment",
            "data.aws_iam_policy.lambdaBasicPolicy",
            "data.aws_iam_policy_document.lambda-assume-role-policy"
          ]
        }
      ]
    },
    {
      "mode": "managed",
      "type": "aws_api_gateway_method",
      "name": "bookAppointmentPost",
      "provider": "provider[\"registry.terraform.io/hashicorp/aws\"]",
      "instances": [
        {
          "schema_version": 0,
          "attributes": {
            "api_key_required": false,
            "authorization": "NONE",
            "authorization_scopes": null,
            "authorizer_id": null,
            "http_method": "POST",
            "id": "agm-op8ffw6bil-o93sol-POST",
            "operation_name": null,
            "request_models": null,
            "request_parameters": null,
            "request_validator_id": null,
            "resource_id": "o93sol",
            "rest_api_id": "op8ffw6bil"
          },
          "sensitive_attributes": [],
          "private": "bnVsbA==",
          "dependencies": [
            "aws_api_gateway_resource.bookAppointment",
            "aws_api_gateway_rest_api.crowdlessRestAPI"
          ]
        }
      ]
    },
    {
      "mode": "managed",
      "type": "aws_api_gateway_resource",
      "name": "bookAppointment",
      "provider": "provider[\"registry.terraform.io/hashicorp/aws\"]",
      "instances": [
        {
          "schema_version": 0,
          "attributes": {
            "id": "o93sol",
            "parent_id": "c7q4wrewdg",
            "path": "/bookappointment",
            "path_part": "bookappointment",
            "rest_api_id": "op8ffw6bil"
          },
          "sensitive_attributes": [],
          "private": "bnVsbA==",
          "dependencies": [
            "aws_api_gateway_rest_api.crowdlessRestAPI"
          ]
        }
      ]
    },
    {
      "mode": "managed",
      "type": "aws_api_gateway_rest_api",
      "name": "crowdlessRestAPI",
      "provider": "provider[\"registry.terraform.io/hashicorp/aws\"]",
      "instances": [
        {
          "schema_version": 0,
          "attributes": {
            "api_key_source": "HEADER",
            "arn": "arn:aws:apigateway:us-east-1::/restapis/op8ffw6bil",
            "binary_media_types": [],
            "body": null,
            "created_date": "2021-09-03T16:52:14Z",
            "description": "Contains all Crowdless Rest APIs",
            "disable_execute_api_endpoint": false,
            "endpoint_configuration": [
              {
                "types": [
                  "EDGE"
                ],
                "vpc_endpoint_ids": []
              }
            ],
            "execution_arn": "arn:aws:execute-api:us-east-1:767487638823:op8ffw6bil",
            "id": "op8ffw6bil",
            "minimum_compression_size": -1,
            "name": "Crowdless-Rest-API",
            "parameters": null,
            "policy": "",
            "root_resource_id": "c7q4wrewdg",
            "tags": null,
            "tags_all": {}
          },
          "sensitive_attributes": [],
          "private": "bnVsbA=="
        }
      ]
    },
    {
      "mode": "managed",
      "type": "aws_iam_role",
      "name": "crowdless_lambda_notification_role",
      "provider": "provider[\"registry.terraform.io/hashicorp/aws\"]",
      "instances": [
        {
          "schema_version": 0,
          "attributes": {
            "arn": "arn:aws:iam::767487638823:role/crowdless_Lambda_Notification",
            "assume_role_policy": "{\"Version\":\"2012-10-17\",\"Statement\":[{\"Sid\":\"\",\"Effect\":\"Allow\",\"Principal\":{\"Service\":\"lambda.amazonaws.com\"},\"Action\":\"sts:AssumeRole\"}]}",
            "create_date": "2021-09-03T16:52:14Z",
            "description": "",
            "force_detach_policies": false,
            "id": "crowdless_Lambda_Notification",
            "inline_policy": [
              {
                "name": "ExecuteAllAPI",
                "policy": "{\"Statement\":[{\"Action\":\"execute-api:*\",\"Effect\":\"Allow\",\"Resource\":\"*\",\"Sid\":\"VisualEditor0\"}],\"Version\":\"2012-10-17\"}"
              },
              {
                "name": "addRoleToCloudWatchEvents",
                "policy": "{\"Statement\":[{\"Action\":\"iam:PassRole\",\"Effect\":\"Allow\",\"Resource\":\"arn:aws:iam::209223835471:role/crowdlessCloudWatchEventInvoke\",\"Sid\":\"VisualEditor0\"}],\"Version\":\"2012-10-17\"}"
              },
              {
                "name": "checkBlackedEmailsPolicy",
                "policy": "{\"Statement\":[{\"Action\":[\"dynamodb:GetItem\",\"dynamodb:UpdateItem\"],\"Effect\":\"Allow\",\"Resource\":[\"arn:aws:dynamodb:ap-south-1:209223835471:table/BlockEmails\",\"arn:aws:dynamodb:ap-south-1:209223835471:table/reviewEmails\"],\"Sid\":\"VisualEditor0\"}],\"Version\":\"2012-10-17\"}"
              },
              {
                "name": "crowdlesspinpointpolicy",
                "policy": "{\"Statement\":[{\"Action\":[\"mobileanalytics:*\",\"mobiletargeting:*\"],\"Effect\":\"Allow\",\"Resource\":\"*\",\"Sid\":\"VisualEditor0\"}],\"Version\":\"2012-10-17\"}"
              },
              {
                "name": "scheduleLambda",
                "policy": "{\"Statement\":[{\"Action\":[\"events:PutTargets\",\"events:PutRule\"],\"Effect\":\"Allow\",\"Resource\":\"*\",\"Sid\":\"VisualEditor0\"}],\"Version\":\"2012-10-17\"}"
              }
            ],
            "managed_policy_arns": [
              "arn:aws:iam::aws:policy/service-role/AWSLambdaBasicExecutionRole"
            ],
            "max_session_duration": 3600,
            "name": "crowdless_Lambda_Notification",
            "name_prefix": null,
            "path": "/",
            "permissions_boundary": null,
            "tags": {
              "tag-key": "crowdless-lambda-notification"
            },
            "tags_all": {
              "tag-key": "crowdless-lambda-notification"
            },
            "unique_id": "AROA3FMOT7UTTIQXVVVLY"
          },
          "sensitive_attributes": [],
          "private": "bnVsbA==",
          "dependencies": [
            "data.aws_iam_policy.lambdaBasicPolicy",
            "data.aws_iam_policy_document.lambda-assume-role-policy"
          ]
        }
      ]
    },
    {
      "mode": "managed",
      "type": "aws_iam_role",
      "name": "crowdless_lambda_role",
      "provider": "provider[\"registry.terraform.io/hashicorp/aws\"]",
      "instances": [
        {
          "schema_version": 0,
          "attributes": {
            "arn": "arn:aws:iam::767487638823:role/crowdless_Lambda",
            "assume_role_policy": "{\"Version\":\"2012-10-17\",\"Statement\":[{\"Sid\":\"\",\"Effect\":\"Allow\",\"Principal\":{\"Service\":\"lambda.amazonaws.com\"},\"Action\":\"sts:AssumeRole\"}]}",
            "create_date": "2021-09-03T16:52:14Z",
            "description": "",
            "force_detach_policies": false,
            "id": "crowdless_Lambda",
            "inline_policy": [
              {
                "name": "DynamoDBLambdaCustomPolicy",
                "policy": "{\"Statement\":[{\"Action\":[\"dynamodb:BatchGetItem\",\"dynamodb:BatchWriteItem\",\"dynamodb:PutItem\",\"dynamodb:DeleteItem\",\"dynamodb:Scan\",\"dynamodb:Query\",\"dynamodb:DescribeStream\",\"dynamodb:UpdateItem\",\"dynamodb:ListStreams\",\"dynamodb:GetShardIterator\",\"dynamodb:GetItem\",\"dynamodb:UpdateTable\",\"dynamodb:GetRecords\"],\"Effect\":\"Allow\",\"Resource\":\"*\",\"Sid\":\"VisualEditor0\"}],\"Version\":\"2012-10-17\"}"
              },
              {
                "name": "ExecuteAllAPI",
                "policy": "{\"Statement\":[{\"Action\":\"execute-api:*\",\"Effect\":\"Allow\",\"Resource\":\"*\",\"Sid\":\"VisualEditor0\"}],\"Version\":\"2012-10-17\"}"
              },
              {
                "name": "LambdaInvokeRole",
                "policy": "{\"Statement\":[{\"Action\":[\"lambda:InvokeFunction\",\"lambda:InvokeAsync\"],\"Effect\":\"Allow\",\"Resource\":[\"arn:aws:lambda:ap-south-1:209223835471:function:cancelAppointments\",\"arn:aws:lambda:ap-south-1:209223835471:function:sendEmail\",\"arn:aws:lambda:ap-south-1:209223835471:function:updateAppointmentTime\",\"arn:aws:lambda:ap-south-1:209223835471:function:scheduleEmailTrigger\"],\"Sid\":\"VisualEditor0\"}],\"Version\":\"2012-10-17\"}"
              },
              {
                "name": "uploadToS3",
                "policy": "{\"Statement\":[{\"Action\":[\"s3:GetAccessPoint\",\"s3:PutAccountPublicAccessBlock\",\"s3:GetAccountPublicAccessBlock\",\"s3:ListAllMyBuckets\",\"s3:ListAccessPoints\",\"s3:ListJobs\",\"s3:CreateJob\",\"s3:HeadBucket\"],\"Effect\":\"Allow\",\"Resource\":\"*\",\"Sid\":\"VisualEditor0\"},{\"Action\":\"s3:*\",\"Effect\":\"Allow\",\"Resource\":\"arn:aws:s3:::*/*\",\"Sid\":\"VisualEditor1\"},{\"Action\":\"s3:*\",\"Effect\":\"Allow\",\"Resource\":[\"arn:aws:s3:::*\",\"arn:aws:s3:*:*:accesspoint/*\",\"arn:aws:s3:*:*:job/*\"],\"Sid\":\"VisualEditor2\"}],\"Version\":\"2012-10-17\"}"
              }
            ],
            "managed_policy_arns": [
              "arn:aws:iam::aws:policy/service-role/AWSLambdaBasicExecutionRole"
            ],
            "max_session_duration": 3600,
            "name": "crowdless_Lambda",
            "name_prefix": null,
            "path": "/",
            "permissions_boundary": null,
            "tags": {
              "tag-key": "crowdless-lambda"
            },
            "tags_all": {
              "tag-key": "crowdless-lambda"
            },
            "unique_id": "AROA3FMOT7UTWWFLPFTH4"
          },
          "sensitive_attributes": [],
          "private": "bnVsbA==",
          "dependencies": [
            "data.aws_iam_policy.lambdaBasicPolicy",
            "data.aws_iam_policy_document.lambda-assume-role-policy"
          ]
        }
      ]
    },
    {
      "mode": "managed",
      "type": "aws_lambda_function",
      "name": "bookAppointment",
      "provider": "provider[\"registry.terraform.io/hashicorp/aws\"]",
      "instances": [
        {
          "schema_version": 0,
          "attributes": {
            "arn": "arn:aws:lambda:us-east-1:767487638823:function:bookAppointment",
            "code_signing_config_arn": "",
            "dead_letter_config": [],
            "description": "",
            "environment": [],
            "file_system_config": [],
            "filename": ".\\deployment_packages\\bookAppointment.zip",
            "function_name": "bookAppointment",
            "handler": "index.js",
            "id": "bookAppointment",
            "image_config": [],
            "image_uri": "",
            "invoke_arn": "arn:aws:apigateway:us-east-1:lambda:path/2015-03-31/functions/arn:aws:lambda:us-east-1:767487638823:function:bookAppointment/invocations",
            "kms_key_arn": "",
            "last_modified": "2021-09-03T16:53:00.907+0000",
            "layers": null,
            "memory_size": 128,
            "package_type": "Zip",
            "publish": false,
            "qualified_arn": "arn:aws:lambda:us-east-1:767487638823:function:bookAppointment:$LATEST",
            "reserved_concurrent_executions": -1,
            "role": "arn:aws:iam::767487638823:role/crowdless_Lambda",
            "runtime": "nodejs12.x",
            "s3_bucket": null,
            "s3_key": null,
            "s3_object_version": null,
            "signing_job_arn": "",
            "signing_profile_version_arn": "",
            "source_code_hash": "pI5cQoFwQjEk3Yucgf8zFtQu3DiqxDAxQacKNwO/Di4=",
            "source_code_size": 740741,
            "tags": null,
            "tags_all": {},
            "timeout": 3,
            "timeouts": null,
            "tracing_config": [
              {
                "mode": "PassThrough"
              }
            ],
            "version": "$LATEST",
            "vpc_config": []
          },
          "sensitive_attributes": [],
          "private": "eyJlMmJmYjczMC1lY2FhLTExZTYtOGY4OC0zNDM2M2JjN2M0YzAiOnsiY3JlYXRlIjo2MDAwMDAwMDAwMDB9fQ==",
          "dependencies": [
            "aws_iam_role.crowdless_lambda_role",
            "data.aws_iam_policy.lambdaBasicPolicy",
            "data.aws_iam_policy_document.lambda-assume-role-policy"
          ]
        }
      ]
    },
    {
      "mode": "managed",
      "type": "aws_lambda_function",
      "name": "cancelAppointments",
      "provider": "provider[\"registry.terraform.io/hashicorp/aws\"]",
      "instances": [
        {
          "schema_version": 0,
          "attributes": {
            "arn": "arn:aws:lambda:us-east-1:767487638823:function:cancelAppointments",
            "code_signing_config_arn": "",
            "dead_letter_config": [],
            "description": "",
            "environment": [],
            "file_system_config": [],
            "filename": ".\\deployment_packages\\cancelAppointments.zip",
            "function_name": "cancelAppointments",
            "handler": "index.js",
            "id": "cancelAppointments",
            "image_config": [],
            "image_uri": "",
            "invoke_arn": "arn:aws:apigateway:us-east-1:lambda:path/2015-03-31/functions/arn:aws:lambda:us-east-1:767487638823:function:cancelAppointments/invocations",
            "kms_key_arn": "",
            "last_modified": "2021-09-03T16:56:32.083+0000",
            "layers": null,
            "memory_size": 128,
            "package_type": "Zip",
            "publish": false,
            "qualified_arn": "arn:aws:lambda:us-east-1:767487638823:function:cancelAppointments:$LATEST",
            "reserved_concurrent_executions": -1,
            "role": "arn:aws:iam::767487638823:role/crowdless_Lambda",
            "runtime": "nodejs12.x",
            "s3_bucket": null,
            "s3_key": null,
            "s3_object_version": null,
            "signing_job_arn": "",
            "signing_profile_version_arn": "",
            "source_code_hash": "w6CpwqX4LM14f9C60zKcuCzlWO/f/ICGi3kqKGzxYf0=",
            "source_code_size": 876,
            "tags": null,
            "tags_all": {},
            "timeout": 3,
            "timeouts": null,
            "tracing_config": [
              {
                "mode": "PassThrough"
              }
            ],
            "version": "$LATEST",
            "vpc_config": []
          },
          "sensitive_attributes": [],
          "private": "eyJlMmJmYjczMC1lY2FhLTExZTYtOGY4OC0zNDM2M2JjN2M0YzAiOnsiY3JlYXRlIjo2MDAwMDAwMDAwMDB9fQ==",
          "dependencies": [
            "aws_iam_role.crowdless_lambda_role",
            "data.aws_iam_policy.lambdaBasicPolicy",
            "data.aws_iam_policy_document.lambda-assume-role-policy"
          ]
        }
      ]
    },
    {
      "mode": "managed",
      "type": "aws_lambda_function",
      "name": "closeSocketConnectionStore",
      "provider": "provider[\"registry.terraform.io/hashicorp/aws\"]",
      "instances": [
        {
          "schema_version": 0,
          "attributes": {
            "arn": "arn:aws:lambda:us-east-1:767487638823:function:closeSocketConnectionStore",
            "code_signing_config_arn": "",
            "dead_letter_config": [],
            "description": "",
            "environment": [],
            "file_system_config": [],
            "filename": ".\\deployment_packages\\closeSocketConnectionStore.zip",
            "function_name": "closeSocketConnectionStore",
            "handler": "index.js",
            "id": "closeSocketConnectionStore",
            "image_config": [],
            "image_uri": "",
            "invoke_arn": "arn:aws:apigateway:us-east-1:lambda:path/2015-03-31/functions/arn:aws:lambda:us-east-1:767487638823:function:closeSocketConnectionStore/invocations",
            "kms_key_arn": "",
            "last_modified": "2021-09-03T16:54:03.425+0000",
            "layers": null,
            "memory_size": 128,
            "package_type": "Zip",
            "publish": false,
            "qualified_arn": "arn:aws:lambda:us-east-1:767487638823:function:closeSocketConnectionStore:$LATEST",
            "reserved_concurrent_executions": -1,
            "role": "arn:aws:iam::767487638823:role/crowdless_Lambda",
            "runtime": "nodejs12.x",
            "s3_bucket": null,
            "s3_key": null,
            "s3_object_version": null,
            "signing_job_arn": "",
            "signing_profile_version_arn": "",
            "source_code_hash": "tUZI1hQj+JTsj/Yc5ti0kBksRbAwMxHcAT/7KQq/UsE=",
            "source_code_size": 362,
            "tags": null,
            "tags_all": {},
            "timeout": 3,
            "timeouts": null,
            "tracing_config": [
              {
                "mode": "PassThrough"
              }
            ],
            "version": "$LATEST",
            "vpc_config": []
          },
          "sensitive_attributes": [],
          "private": "eyJlMmJmYjczMC1lY2FhLTExZTYtOGY4OC0zNDM2M2JjN2M0YzAiOnsiY3JlYXRlIjo2MDAwMDAwMDAwMDB9fQ==",
          "dependencies": [
            "aws_iam_role.crowdless_lambda_role",
            "data.aws_iam_policy.lambdaBasicPolicy",
            "data.aws_iam_policy_document.lambda-assume-role-policy"
          ]
        }
      ]
    },
    {
      "mode": "managed",
      "type": "aws_lambda_function",
      "name": "defaultSocketRequestStore",
      "provider": "provider[\"registry.terraform.io/hashicorp/aws\"]",
      "instances": [
        {
          "schema_version": 0,
          "attributes": {
            "arn": "arn:aws:lambda:us-east-1:767487638823:function:defaultSocketRequestStore",
            "code_signing_config_arn": "",
            "dead_letter_config": [],
            "description": "",
            "environment": [],
            "file_system_config": [],
            "filename": ".\\deployment_packages\\defaultSocketRequestStore.zip",
            "function_name": "defaultSocketRequestStore",
            "handler": "index.js",
            "id": "defaultSocketRequestStore",
            "image_config": [],
            "image_uri": "",
            "invoke_arn": "arn:aws:apigateway:us-east-1:lambda:path/2015-03-31/functions/arn:aws:lambda:us-east-1:767487638823:function:defaultSocketRequestStore/invocations",
            "kms_key_arn": "",
            "last_modified": "2021-09-03T16:56:19.968+0000",
            "layers": null,
            "memory_size": 128,
            "package_type": "Zip",
            "publish": false,
            "qualified_arn": "arn:aws:lambda:us-east-1:767487638823:function:defaultSocketRequestStore:$LATEST",
            "reserved_concurrent_executions": -1,
            "role": "arn:aws:iam::767487638823:role/crowdless_Lambda",
            "runtime": "nodejs12.x",
            "s3_bucket": null,
            "s3_key": null,
            "s3_object_version": null,
            "signing_job_arn": "",
            "signing_profile_version_arn": "",
            "source_code_hash": "lwb0Xfd5XC6c/uFzcSu6TVBOw8l0QFD45PNfTy1B6Rw=",
            "source_code_size": 360,
            "tags": null,
            "tags_all": {},
            "timeout": 3,
            "timeouts": null,
            "tracing_config": [
              {
                "mode": "PassThrough"
              }
            ],
            "version": "$LATEST",
            "vpc_config": []
          },
          "sensitive_attributes": [],
          "private": "eyJlMmJmYjczMC1lY2FhLTExZTYtOGY4OC0zNDM2M2JjN2M0YzAiOnsiY3JlYXRlIjo2MDAwMDAwMDAwMDB9fQ==",
          "dependencies": [
            "aws_iam_role.crowdless_lambda_role",
            "data.aws_iam_policy.lambdaBasicPolicy",
            "data.aws_iam_policy_document.lambda-assume-role-policy"
          ]
        }
      ]
    },
    {
      "mode": "managed",
      "type": "aws_lambda_function",
      "name": "getAppointmentDetails",
      "provider": "provider[\"registry.terraform.io/hashicorp/aws\"]",
      "instances": [
        {
          "schema_version": 0,
          "attributes": {
            "arn": "arn:aws:lambda:us-east-1:767487638823:function:getAppointmentDetails",
            "code_signing_config_arn": "",
            "dead_letter_config": [],
            "description": "",
            "environment": [],
            "file_system_config": [],
            "filename": ".\\deployment_packages\\getAppointmentDetails.zip",
            "function_name": "getAppointmentDetails",
            "handler": "index.js",
            "id": "getAppointmentDetails",
            "image_config": [],
            "image_uri": "",
            "invoke_arn": "arn:aws:apigateway:us-east-1:lambda:path/2015-03-31/functions/arn:aws:lambda:us-east-1:767487638823:function:getAppointmentDetails/invocations",
            "kms_key_arn": "",
            "last_modified": "2021-09-03T16:53:26.246+0000",
            "layers": null,
            "memory_size": 128,
            "package_type": "Zip",
            "publish": false,
            "qualified_arn": "arn:aws:lambda:us-east-1:767487638823:function:getAppointmentDetails:$LATEST",
            "reserved_concurrent_executions": -1,
            "role": "arn:aws:iam::767487638823:role/crowdless_Lambda",
            "runtime": "nodejs12.x",
            "s3_bucket": null,
            "s3_key": null,
            "s3_object_version": null,
            "signing_job_arn": "",
            "signing_profile_version_arn": "",
            "source_code_hash": "YSNqXOtCpIAXc2/22vK4YuwB3L0sdWK0c5ZzjcT0llk=",
            "source_code_size": 893,
            "tags": null,
            "tags_all": {},
            "timeout": 3,
            "timeouts": null,
            "tracing_config": [
              {
                "mode": "PassThrough"
              }
            ],
            "version": "$LATEST",
            "vpc_config": []
          },
          "sensitive_attributes": [],
          "private": "eyJlMmJmYjczMC1lY2FhLTExZTYtOGY4OC0zNDM2M2JjN2M0YzAiOnsiY3JlYXRlIjo2MDAwMDAwMDAwMDB9fQ==",
          "dependencies": [
            "aws_iam_role.crowdless_lambda_role",
            "data.aws_iam_policy.lambdaBasicPolicy",
            "data.aws_iam_policy_document.lambda-assume-role-policy"
          ]
        }
      ]
    },
    {
      "mode": "managed",
      "type": "aws_lambda_function",
      "name": "getCountDataFromStore",
      "provider": "provider[\"registry.terraform.io/hashicorp/aws\"]",
      "instances": [
        {
          "schema_version": 0,
          "attributes": {
            "arn": "arn:aws:lambda:us-east-1:767487638823:function:getCountDataFromStore",
            "code_signing_config_arn": "",
            "dead_letter_config": [],
            "description": "",
            "environment": [],
            "file_system_config": [],
            "filename": ".\\deployment_packages\\getCountDataFromStore.zip",
            "function_name": "getCountDataFromStore",
            "handler": "index.js",
            "id": "getCountDataFromStore",
            "image_config": [],
            "image_uri": "",
            "invoke_arn": "arn:aws:apigateway:us-east-1:lambda:path/2015-03-31/functions/arn:aws:lambda:us-east-1:767487638823:function:getCountDataFromStore/invocations",
            "kms_key_arn": "",
            "last_modified": "2021-09-03T16:56:07.536+0000",
            "layers": null,
            "memory_size": 128,
            "package_type": "Zip",
            "publish": false,
            "qualified_arn": "arn:aws:lambda:us-east-1:767487638823:function:getCountDataFromStore:$LATEST",
            "reserved_concurrent_executions": -1,
            "role": "arn:aws:iam::767487638823:role/crowdless_Lambda",
            "runtime": "nodejs12.x",
            "s3_bucket": null,
            "s3_key": null,
            "s3_object_version": null,
            "signing_job_arn": "",
            "signing_profile_version_arn": "",
            "source_code_hash": "qLsgAua5mSVRGydtbcBpyKVaPUFt2M6WN24rAWrTyXA=",
            "source_code_size": 812,
            "tags": null,
            "tags_all": {},
            "timeout": 3,
            "timeouts": null,
            "tracing_config": [
              {
                "mode": "PassThrough"
              }
            ],
            "version": "$LATEST",
            "vpc_config": []
          },
          "sensitive_attributes": [],
          "private": "eyJlMmJmYjczMC1lY2FhLTExZTYtOGY4OC0zNDM2M2JjN2M0YzAiOnsiY3JlYXRlIjo2MDAwMDAwMDAwMDB9fQ==",
          "dependencies": [
            "aws_iam_role.crowdless_lambda_role",
            "data.aws_iam_policy.lambdaBasicPolicy",
            "data.aws_iam_policy_document.lambda-assume-role-policy"
          ]
        }
      ]
    },
    {
      "mode": "managed",
      "type": "aws_lambda_function",
      "name": "getEsimatedAppointmentTime",
      "provider": "provider[\"registry.terraform.io/hashicorp/aws\"]",
      "instances": [
        {
          "schema_version": 0,
          "attributes": {
            "arn": "arn:aws:lambda:us-east-1:767487638823:function:getEsimatedAppointmentTime",
            "code_signing_config_arn": "",
            "dead_letter_config": [],
            "description": "",
            "environment": [],
            "file_system_config": [],
            "filename": ".\\deployment_packages\\getStoreInfo.zip",
            "function_name": "getEsimatedAppointmentTime",
            "handler": "index.js",
            "id": "getEsimatedAppointmentTime",
            "image_config": [],
            "image_uri": "",
            "invoke_arn": "arn:aws:apigateway:us-east-1:lambda:path/2015-03-31/functions/arn:aws:lambda:us-east-1:767487638823:function:getEsimatedAppointmentTime/invocations",
            "kms_key_arn": "",
            "last_modified": "2021-09-03T16:55:55.560+0000",
            "layers": null,
            "memory_size": 128,
            "package_type": "Zip",
            "publish": false,
            "qualified_arn": "arn:aws:lambda:us-east-1:767487638823:function:getEsimatedAppointmentTime:$LATEST",
            "reserved_concurrent_executions": -1,
            "role": "arn:aws:iam::767487638823:role/crowdless_Lambda",
            "runtime": "nodejs12.x",
            "s3_bucket": null,
            "s3_key": null,
            "s3_object_version": null,
            "signing_job_arn": "",
            "signing_profile_version_arn": "",
            "source_code_hash": "ol5oEJqcsuev0z+xD9xd8GrkXN653dTPfp7E9fAKDYY=",
            "source_code_size": 615,
            "tags": null,
            "tags_all": {},
            "timeout": 3,
            "timeouts": null,
            "tracing_config": [
              {
                "mode": "PassThrough"
              }
            ],
            "version": "$LATEST",
            "vpc_config": []
          },
          "sensitive_attributes": [],
          "private": "eyJlMmJmYjczMC1lY2FhLTExZTYtOGY4OC0zNDM2M2JjN2M0YzAiOnsiY3JlYXRlIjo2MDAwMDAwMDAwMDB9fQ==",
          "dependencies": [
            "aws_iam_role.crowdless_lambda_role",
            "data.aws_iam_policy.lambdaBasicPolicy",
            "data.aws_iam_policy_document.lambda-assume-role-policy"
          ]
        }
      ]
    },
    {
      "mode": "managed",
      "type": "aws_lambda_function",
      "name": "getStoreInfo",
      "provider": "provider[\"registry.terraform.io/hashicorp/aws\"]",
      "instances": [
        {
          "schema_version": 0,
          "attributes": {
            "arn": "arn:aws:lambda:us-east-1:767487638823:function:getStoreInfo",
            "code_signing_config_arn": "",
            "dead_letter_config": [],
            "description": "",
            "environment": [],
            "file_system_config": [],
            "filename": ".\\deployment_packages\\getStoreInfo.zip",
            "function_name": "getStoreInfo",
            "handler": "index.js",
            "id": "getStoreInfo",
            "image_config": [],
            "image_uri": "",
            "invoke_arn": "arn:aws:apigateway:us-east-1:lambda:path/2015-03-31/functions/arn:aws:lambda:us-east-1:767487638823:function:getStoreInfo/invocations",
            "kms_key_arn": "",
            "last_modified": "2021-09-03T16:54:26.921+0000",
            "layers": null,
            "memory_size": 128,
            "package_type": "Zip",
            "publish": false,
            "qualified_arn": "arn:aws:lambda:us-east-1:767487638823:function:getStoreInfo:$LATEST",
            "reserved_concurrent_executions": -1,
            "role": "arn:aws:iam::767487638823:role/crowdless_Lambda",
            "runtime": "nodejs12.x",
            "s3_bucket": null,
            "s3_key": null,
            "s3_object_version": null,
            "signing_job_arn": "",
            "signing_profile_version_arn": "",
            "source_code_hash": "ol5oEJqcsuev0z+xD9xd8GrkXN653dTPfp7E9fAKDYY=",
            "source_code_size": 615,
            "tags": null,
            "tags_all": {},
            "timeout": 3,
            "timeouts": null,
            "tracing_config": [
              {
                "mode": "PassThrough"
              }
            ],
            "version": "$LATEST",
            "vpc_config": []
          },
          "sensitive_attributes": [],
          "private": "eyJlMmJmYjczMC1lY2FhLTExZTYtOGY4OC0zNDM2M2JjN2M0YzAiOnsiY3JlYXRlIjo2MDAwMDAwMDAwMDB9fQ==",
          "dependencies": [
            "aws_iam_role.crowdless_lambda_role",
            "data.aws_iam_policy.lambdaBasicPolicy",
            "data.aws_iam_policy_document.lambda-assume-role-policy"
          ]
        }
      ]
    },
    {
      "mode": "managed",
      "type": "aws_lambda_function",
      "name": "handleBounce",
      "provider": "provider[\"registry.terraform.io/hashicorp/aws\"]",
      "instances": [
        {
          "schema_version": 0,
          "attributes": {
            "arn": "arn:aws:lambda:us-east-1:767487638823:function:handleBounce",
            "code_signing_config_arn": "",
            "dead_letter_config": [],
            "description": "",
            "environment": [],
            "file_system_config": [],
            "filename": ".\\deployment_packages\\handleBounce.zip",
            "function_name": "handleBounce",
            "handler": "index.js",
            "id": "handleBounce",
            "image_config": [],
            "image_uri": "",
            "invoke_arn": "arn:aws:apigateway:us-east-1:lambda:path/2015-03-31/functions/arn:aws:lambda:us-east-1:767487638823:function:handleBounce/invocations",
            "kms_key_arn": "",
            "last_modified": "2021-09-03T16:53:51.045+0000",
            "layers": null,
            "memory_size": 128,
            "package_type": "Zip",
            "publish": false,
            "qualified_arn": "arn:aws:lambda:us-east-1:767487638823:function:handleBounce:$LATEST",
            "reserved_concurrent_executions": -1,
            "role": "arn:aws:iam::767487638823:role/crowdless_Lambda",
            "runtime": "nodejs12.x",
            "s3_bucket": null,
            "s3_key": null,
            "s3_object_version": null,
            "signing_job_arn": "",
            "signing_profile_version_arn": "",
            "source_code_hash": "7kU7Rs00SLUGSoIGbAF0iNcBv0mWf9s7R+aNyki0bU0=",
            "source_code_size": 554,
            "tags": null,
            "tags_all": {},
            "timeout": 3,
            "timeouts": null,
            "tracing_config": [
              {
                "mode": "PassThrough"
              }
            ],
            "version": "$LATEST",
            "vpc_config": []
          },
          "sensitive_attributes": [],
          "private": "eyJlMmJmYjczMC1lY2FhLTExZTYtOGY4OC0zNDM2M2JjN2M0YzAiOnsiY3JlYXRlIjo2MDAwMDAwMDAwMDB9fQ==",
          "dependencies": [
            "aws_iam_role.crowdless_lambda_role",
            "data.aws_iam_policy.lambdaBasicPolicy",
            "data.aws_iam_policy_document.lambda-assume-role-policy"
          ]
        }
      ]
    },
    {
      "mode": "managed",
      "type": "aws_lambda_function",
      "name": "handleComplaints",
      "provider": "provider[\"registry.terraform.io/hashicorp/aws\"]",
      "instances": [
        {
          "schema_version": 0,
          "attributes": {
            "arn": "arn:aws:lambda:us-east-1:767487638823:function:handleComplaints",
            "code_signing_config_arn": "",
            "dead_letter_config": [],
            "description": "",
            "environment": [],
            "file_system_config": [],
            "filename": ".\\deployment_packages\\handleComplaints.zip",
            "function_name": "handleComplaints",
            "handler": "index.js",
            "id": "handleComplaints",
            "image_config": [],
            "image_uri": "",
            "invoke_arn": "arn:aws:apigateway:us-east-1:lambda:path/2015-03-31/functions/arn:aws:lambda:us-east-1:767487638823:function:handleComplaints/invocations",
            "kms_key_arn": "",
            "last_modified": "2021-09-03T16:54:53.876+0000",
            "layers": null,
            "memory_size": 128,
            "package_type": "Zip",
            "publish": false,
            "qualified_arn": "arn:aws:lambda:us-east-1:767487638823:function:handleComplaints:$LATEST",
            "reserved_concurrent_executions": -1,
            "role": "arn:aws:iam::767487638823:role/crowdless_Lambda",
            "runtime": "nodejs12.x",
            "s3_bucket": null,
            "s3_key": null,
            "s3_object_version": null,
            "signing_job_arn": "",
            "signing_profile_version_arn": "",
            "source_code_hash": "3jQVFKqP1Cs33pOHImty81gbJ8fYfgBpitWgSUNOynI=",
            "source_code_size": 474,
            "tags": null,
            "tags_all": {},
            "timeout": 3,
            "timeouts": null,
            "tracing_config": [
              {
                "mode": "PassThrough"
              }
            ],
            "version": "$LATEST",
            "vpc_config": []
          },
          "sensitive_attributes": [],
          "private": "eyJlMmJmYjczMC1lY2FhLTExZTYtOGY4OC0zNDM2M2JjN2M0YzAiOnsiY3JlYXRlIjo2MDAwMDAwMDAwMDB9fQ==",
          "dependencies": [
            "aws_iam_role.crowdless_lambda_role",
            "data.aws_iam_policy.lambdaBasicPolicy",
            "data.aws_iam_policy_document.lambda-assume-role-policy"
          ]
        }
      ]
    },
    {
      "mode": "managed",
      "type": "aws_lambda_function",
      "name": "initializeDBSocketConnectionStore",
      "provider": "provider[\"registry.terraform.io/hashicorp/aws\"]",
      "instances": [
        {
          "schema_version": 0,
          "attributes": {
            "arn": "arn:aws:lambda:us-east-1:767487638823:function:initializeDBSocketConnectionStore",
            "code_signing_config_arn": "",
            "dead_letter_config": [],
            "description": "",
            "environment": [],
            "file_system_config": [],
            "filename": ".\\deployment_packages\\initializeDBSocketConnectionStore.zip",
            "function_name": "initializeDBSocketConnectionStore",
            "handler": "index.js",
            "id": "initializeDBSocketConnectionStore",
            "image_config": [],
            "image_uri": "",
            "invoke_arn": "arn:aws:apigateway:us-east-1:lambda:path/2015-03-31/functions/arn:aws:lambda:us-east-1:767487638823:function:initializeDBSocketConnectionStore/invocations",
            "kms_key_arn": "",
            "last_modified": "2021-09-03T16:55:17.519+0000",
            "layers": null,
            "memory_size": 128,
            "package_type": "Zip",
            "publish": false,
            "qualified_arn": "arn:aws:lambda:us-east-1:767487638823:function:initializeDBSocketConnectionStore:$LATEST",
            "reserved_concurrent_executions": -1,
            "role": "arn:aws:iam::767487638823:role/crowdless_Lambda",
            "runtime": "nodejs12.x",
            "s3_bucket": null,
            "s3_key": null,
            "s3_object_version": null,
            "signing_job_arn": "",
            "signing_profile_version_arn": "",
            "source_code_hash": "KVAt48F/OUV9pf9bwYp94RmvtCbXrx90nGjtobMkUoU=",
            "source_code_size": 812,
            "tags": null,
            "tags_all": {},
            "timeout": 3,
            "timeouts": null,
            "tracing_config": [
              {
                "mode": "PassThrough"
              }
            ],
            "version": "$LATEST",
            "vpc_config": []
          },
          "sensitive_attributes": [],
          "private": "eyJlMmJmYjczMC1lY2FhLTExZTYtOGY4OC0zNDM2M2JjN2M0YzAiOnsiY3JlYXRlIjo2MDAwMDAwMDAwMDB9fQ==",
          "dependencies": [
            "aws_iam_role.crowdless_lambda_role",
            "data.aws_iam_policy.lambdaBasicPolicy",
            "data.aws_iam_policy_document.lambda-assume-role-policy"
          ]
        }
      ]
    },
    {
      "mode": "managed",
      "type": "aws_lambda_function",
      "name": "liveStreamUpdateTrigger",
      "provider": "provider[\"registry.terraform.io/hashicorp/aws\"]",
      "instances": [
        {
          "schema_version": 0,
          "attributes": {
            "arn": "arn:aws:lambda:us-east-1:767487638823:function:liveStreamUpdateTrigger",
            "code_signing_config_arn": "",
            "dead_letter_config": [],
            "description": "",
            "environment": [],
            "file_system_config": [],
            "filename": ".\\deployment_packages\\liveStreamUpdateTrigger.zip",
            "function_name": "liveStreamUpdateTrigger",
            "handler": "index.js",
            "id": "liveStreamUpdateTrigger",
            "image_config": [],
            "image_uri": "",
            "invoke_arn": "arn:aws:apigateway:us-east-1:lambda:path/2015-03-31/functions/arn:aws:lambda:us-east-1:767487638823:function:liveStreamUpdateTrigger/invocations",
            "kms_key_arn": "",
            "last_modified": "2021-09-03T16:56:56.994+0000",
            "layers": null,
            "memory_size": 128,
            "package_type": "Zip",
            "publish": false,
            "qualified_arn": "arn:aws:lambda:us-east-1:767487638823:function:liveStreamUpdateTrigger:$LATEST",
            "reserved_concurrent_executions": -1,
            "role": "arn:aws:iam::767487638823:role/crowdless_Lambda",
            "runtime": "nodejs12.x",
            "s3_bucket": null,
            "s3_key": null,
            "s3_object_version": null,
            "signing_job_arn": "",
            "signing_profile_version_arn": "",
            "source_code_hash": "aY4vgGgFJdfKrkfo6cRizOG1z44JdC+I9740b3CNX7c=",
            "source_code_size": 914,
            "tags": null,
            "tags_all": {},
            "timeout": 3,
            "timeouts": null,
            "tracing_config": [
              {
                "mode": "PassThrough"
              }
            ],
            "version": "$LATEST",
            "vpc_config": []
          },
          "sensitive_attributes": [],
          "private": "eyJlMmJmYjczMC1lY2FhLTExZTYtOGY4OC0zNDM2M2JjN2M0YzAiOnsiY3JlYXRlIjo2MDAwMDAwMDAwMDB9fQ==",
          "dependencies": [
            "aws_iam_role.crowdless_lambda_role",
            "data.aws_iam_policy.lambdaBasicPolicy",
            "data.aws_iam_policy_document.lambda-assume-role-policy"
          ]
        }
      ]
    },
    {
      "mode": "managed",
      "type": "aws_lambda_function",
      "name": "openSocketConnectionStore",
      "provider": "provider[\"registry.terraform.io/hashicorp/aws\"]",
      "instances": [
        {
          "schema_version": 0,
          "attributes": {
            "arn": "arn:aws:lambda:us-east-1:767487638823:function:openSocketConnectionStore",
            "code_signing_config_arn": "",
            "dead_letter_config": [],
            "description": "",
            "environment": [],
            "file_system_config": [],
            "filename": ".\\deployment_packages\\openSocketConnectionStore.zip",
            "function_name": "openSocketConnectionStore",
            "handler": "index.js",
            "id": "openSocketConnectionStore",
            "image_config": [],
            "image_uri": "",
            "invoke_arn": "arn:aws:apigateway:us-east-1:lambda:path/2015-03-31/functions/arn:aws:lambda:us-east-1:767487638823:function:openSocketConnectionStore/invocations",
            "kms_key_arn": "",
            "last_modified": "2021-09-03T16:55:05.593+0000",
            "layers": null,
            "memory_size": 128,
            "package_type": "Zip",
            "publish": false,
            "qualified_arn": "arn:aws:lambda:us-east-1:767487638823:function:openSocketConnectionStore:$LATEST",
            "reserved_concurrent_executions": -1,
            "role": "arn:aws:iam::767487638823:role/crowdless_Lambda",
            "runtime": "nodejs12.x",
            "s3_bucket": null,
            "s3_key": null,
            "s3_object_version": null,
            "signing_job_arn": "",
            "signing_profile_version_arn": "",
            "source_code_hash": "kQ9pZW2LQqVKH3JrxMQraPXBTVYkLxxesWYaAJ7YcHA=",
            "source_code_size": 359,
            "tags": null,
            "tags_all": {},
            "timeout": 3,
            "timeouts": null,
            "tracing_config": [
              {
                "mode": "PassThrough"
              }
            ],
            "version": "$LATEST",
            "vpc_config": []
          },
          "sensitive_attributes": [],
          "private": "eyJlMmJmYjczMC1lY2FhLTExZTYtOGY4OC0zNDM2M2JjN2M0YzAiOnsiY3JlYXRlIjo2MDAwMDAwMDAwMDB9fQ==",
          "dependencies": [
            "aws_iam_role.crowdless_lambda_role",
            "data.aws_iam_policy.lambdaBasicPolicy",
            "data.aws_iam_policy_document.lambda-assume-role-policy"
          ]
        }
      ]
    },
    {
      "mode": "managed",
      "type": "aws_lambda_function",
      "name": "requestMoreTime",
      "provider": "provider[\"registry.terraform.io/hashicorp/aws\"]",
      "instances": [
        {
          "schema_version": 0,
          "attributes": {
            "arn": "arn:aws:lambda:us-east-1:767487638823:function:requestMoreTime",
            "code_signing_config_arn": "",
            "dead_letter_config": [],
            "description": "",
            "environment": [],
            "file_system_config": [],
            "filename": ".\\deployment_packages\\requestMoreTime.zip",
            "function_name": "requestMoreTime",
            "handler": "index.js",
            "id": "requestMoreTime",
            "image_config": [],
            "image_uri": "",
            "invoke_arn": "arn:aws:apigateway:us-east-1:lambda:path/2015-03-31/functions/arn:aws:lambda:us-east-1:767487638823:function:requestMoreTime/invocations",
            "kms_key_arn": "",
            "last_modified": "2021-09-03T16:54:40.116+0000",
            "layers": null,
            "memory_size": 128,
            "package_type": "Zip",
            "publish": false,
            "qualified_arn": "arn:aws:lambda:us-east-1:767487638823:function:requestMoreTime:$LATEST",
            "reserved_concurrent_executions": -1,
            "role": "arn:aws:iam::767487638823:role/crowdless_Lambda",
            "runtime": "nodejs12.x",
            "s3_bucket": null,
            "s3_key": null,
            "s3_object_version": null,
            "signing_job_arn": "",
            "signing_profile_version_arn": "",
            "source_code_hash": "9qco1UsAvFYF8MJ1jW3EqiybkGJTKLYUPS8WFAFOfPI=",
            "source_code_size": 1811,
            "tags": null,
            "tags_all": {},
            "timeout": 3,
            "timeouts": null,
            "tracing_config": [
              {
                "mode": "PassThrough"
              }
            ],
            "version": "$LATEST",
            "vpc_config": []
          },
          "sensitive_attributes": [],
          "private": "eyJlMmJmYjczMC1lY2FhLTExZTYtOGY4OC0zNDM2M2JjN2M0YzAiOnsiY3JlYXRlIjo2MDAwMDAwMDAwMDB9fQ==",
          "dependencies": [
            "aws_iam_role.crowdless_lambda_role",
            "data.aws_iam_policy.lambdaBasicPolicy",
            "data.aws_iam_policy_document.lambda-assume-role-policy"
          ]
        }
      ]
    },
    {
      "mode": "managed",
      "type": "aws_lambda_function",
      "name": "scanAppointmentDetails",
      "provider": "provider[\"registry.terraform.io/hashicorp/aws\"]",
      "instances": [
        {
          "schema_version": 0,
          "attributes": {
            "arn": "arn:aws:lambda:us-east-1:767487638823:function:scanAppointmentDetails",
            "code_signing_config_arn": "",
            "dead_letter_config": [],
            "description": "",
            "environment": [],
            "file_system_config": [],
            "filename": ".\\deployment_packages\\scanAppointmentDetails.zip",
            "function_name": "scanAppointmentDetails",
            "handler": "index.js",
            "id": "scanAppointmentDetails",
            "image_config": [],
            "image_uri": "",
            "invoke_arn": "arn:aws:apigateway:us-east-1:lambda:path/2015-03-31/functions/arn:aws:lambda:us-east-1:767487638823:function:scanAppointmentDetails/invocations",
            "kms_key_arn": "",
            "last_modified": "2021-09-03T16:54:15.223+0000",
            "layers": null,
            "memory_size": 128,
            "package_type": "Zip",
            "publish": false,
            "qualified_arn": "arn:aws:lambda:us-east-1:767487638823:function:scanAppointmentDetails:$LATEST",
            "reserved_concurrent_executions": -1,
            "role": "arn:aws:iam::767487638823:role/crowdless_Lambda",
            "runtime": "nodejs12.x",
            "s3_bucket": null,
            "s3_key": null,
            "s3_object_version": null,
            "signing_job_arn": "",
            "signing_profile_version_arn": "",
            "source_code_hash": "VBjbJdO+PxDWvmH04uYluYwuwUP5INtVDEFXyAWKwOM=",
            "source_code_size": 3502,
            "tags": null,
            "tags_all": {},
            "timeout": 3,
            "timeouts": null,
            "tracing_config": [
              {
                "mode": "PassThrough"
              }
            ],
            "version": "$LATEST",
            "vpc_config": []
          },
          "sensitive_attributes": [],
          "private": "eyJlMmJmYjczMC1lY2FhLTExZTYtOGY4OC0zNDM2M2JjN2M0YzAiOnsiY3JlYXRlIjo2MDAwMDAwMDAwMDB9fQ==",
          "dependencies": [
            "aws_iam_role.crowdless_lambda_role",
            "data.aws_iam_policy.lambdaBasicPolicy",
            "data.aws_iam_policy_document.lambda-assume-role-policy"
          ]
        }
      ]
    },
    {
      "mode": "managed",
      "type": "aws_lambda_function",
      "name": "scheduleEmailTrigger",
      "provider": "provider[\"registry.terraform.io/hashicorp/aws\"]",
      "instances": [
        {
          "schema_version": 0,
          "attributes": {
            "arn": "arn:aws:lambda:us-east-1:767487638823:function:scheduleEmailTrigger",
            "code_signing_config_arn": "",
            "dead_letter_config": [],
            "description": "",
            "environment": [],
            "file_system_config": [],
            "filename": ".\\deployment_packages\\scheduleEmailTrigger.zip",
            "function_name": "scheduleEmailTrigger",
            "handler": "index.js",
            "id": "scheduleEmailTrigger",
            "image_config": [],
            "image_uri": "",
            "invoke_arn": "arn:aws:apigateway:us-east-1:lambda:path/2015-03-31/functions/arn:aws:lambda:us-east-1:767487638823:function:scheduleEmailTrigger/invocations",
            "kms_key_arn": "",
            "last_modified": "2021-09-03T16:57:33.531+0000",
            "layers": null,
            "memory_size": 128,
            "package_type": "Zip",
            "publish": false,
            "qualified_arn": "arn:aws:lambda:us-east-1:767487638823:function:scheduleEmailTrigger:$LATEST",
            "reserved_concurrent_executions": -1,
            "role": "arn:aws:iam::767487638823:role/crowdless_Lambda_Notification",
            "runtime": "nodejs12.x",
            "s3_bucket": null,
            "s3_key": null,
            "s3_object_version": null,
            "signing_job_arn": "",
            "signing_profile_version_arn": "",
            "source_code_hash": "UBiaqNxrrMEOYw0cSyVKtd3xfdxxKCIDWkdHia+puSQ=",
            "source_code_size": 737,
            "tags": null,
            "tags_all": {},
            "timeout": 3,
            "timeouts": null,
            "tracing_config": [
              {
                "mode": "PassThrough"
              }
            ],
            "version": "$LATEST",
            "vpc_config": []
          },
          "sensitive_attributes": [],
          "private": "eyJlMmJmYjczMC1lY2FhLTExZTYtOGY4OC0zNDM2M2JjN2M0YzAiOnsiY3JlYXRlIjo2MDAwMDAwMDAwMDB9fQ==",
          "dependencies": [
            "aws_iam_role.crowdless_lambda_notification_role",
            "data.aws_iam_policy.lambdaBasicPolicy",
            "data.aws_iam_policy_document.lambda-assume-role-policy"
          ]
        }
      ]
    },
    {
      "mode": "managed",
      "type": "aws_lambda_function",
      "name": "sendEmail",
      "provider": "provider[\"registry.terraform.io/hashicorp/aws\"]",
      "instances": [
        {
          "schema_version": 0,
          "attributes": {
            "arn": "arn:aws:lambda:us-east-1:767487638823:function:sendEmail",
            "code_signing_config_arn": "",
            "dead_letter_config": [],
            "description": "",
            "environment": [],
            "file_system_config": [],
            "filename": ".\\deployment_packages\\sendEmail.zip",
            "function_name": "sendEmail",
            "handler": "index.js",
            "id": "sendEmail",
            "image_config": [],
            "image_uri": "",
            "invoke_arn": "arn:aws:apigateway:us-east-1:lambda:path/2015-03-31/functions/arn:aws:lambda:us-east-1:767487638823:function:sendEmail/invocations",
            "kms_key_arn": "",
            "last_modified": "2021-09-03T16:57:20.831+0000",
            "layers": null,
            "memory_size": 128,
            "package_type": "Zip",
            "publish": false,
            "qualified_arn": "arn:aws:lambda:us-east-1:767487638823:function:sendEmail:$LATEST",
            "reserved_concurrent_executions": -1,
            "role": "arn:aws:iam::767487638823:role/crowdless_Lambda_Notification",
            "runtime": "nodejs12.x",
            "s3_bucket": null,
            "s3_key": null,
            "s3_object_version": null,
            "signing_job_arn": "",
            "signing_profile_version_arn": "",
            "source_code_hash": "Fvd+7TJ3xeF+DrbwAoQcZOz//vdvyXLq93Ujqszj+yI=",
            "source_code_size": 2957,
            "tags": null,
            "tags_all": {},
            "timeout": 3,
            "timeouts": null,
            "tracing_config": [
              {
                "mode": "PassThrough"
              }
            ],
            "version": "$LATEST",
            "vpc_config": []
          },
          "sensitive_attributes": [],
          "private": "eyJlMmJmYjczMC1lY2FhLTExZTYtOGY4OC0zNDM2M2JjN2M0YzAiOnsiY3JlYXRlIjo2MDAwMDAwMDAwMDB9fQ==",
          "dependencies": [
            "aws_iam_role.crowdless_lambda_notification_role",
            "data.aws_iam_policy.lambdaBasicPolicy",
            "data.aws_iam_policy_document.lambda-assume-role-policy"
          ]
        }
      ]
    },
    {
      "mode": "managed",
      "type": "aws_lambda_function",
      "name": "syncWithStore",
      "provider": "provider[\"registry.terraform.io/hashicorp/aws\"]",
      "instances": [
        {
          "schema_version": 0,
          "attributes": {
            "arn": "arn:aws:lambda:us-east-1:767487638823:function:syncWithStore",
            "code_signing_config_arn": "",
            "dead_letter_config": [],
            "description": "",
            "environment": [],
            "file_system_config": [],
            "filename": ".\\deployment_packages\\syncWithStore.zip",
            "function_name": "syncWithStore",
            "handler": "index.js",
            "id": "syncWithStore",
            "image_config": [],
            "image_uri": "",
            "invoke_arn": "arn:aws:apigateway:us-east-1:lambda:path/2015-03-31/functions/arn:aws:lambda:us-east-1:767487638823:function:syncWithStore/invocations",
            "kms_key_arn": "",
            "last_modified": "2021-09-03T16:53:13.051+0000",
            "layers": null,
            "memory_size": 128,
            "package_type": "Zip",
            "publish": false,
            "qualified_arn": "arn:aws:lambda:us-east-1:767487638823:function:syncWithStore:$LATEST",
            "reserved_concurrent_executions": -1,
            "role": "arn:aws:iam::767487638823:role/crowdless_Lambda",
            "runtime": "nodejs12.x",
            "s3_bucket": null,
            "s3_key": null,
            "s3_object_version": null,
            "signing_job_arn": "",
            "signing_profile_version_arn": "",
            "source_code_hash": "E62XDqZ604c5w0iSn4NAXsLxxBtCtj6jP1t35T/9Te8=",
            "source_code_size": 983,
            "tags": null,
            "tags_all": {},
            "timeout": 3,
            "timeouts": null,
            "tracing_config": [
              {
                "mode": "PassThrough"
              }
            ],
            "version": "$LATEST",
            "vpc_config": []
          },
          "sensitive_attributes": [],
          "private": "eyJlMmJmYjczMC1lY2FhLTExZTYtOGY4OC0zNDM2M2JjN2M0YzAiOnsiY3JlYXRlIjo2MDAwMDAwMDAwMDB9fQ==",
          "dependencies": [
            "aws_iam_role.crowdless_lambda_role",
            "data.aws_iam_policy.lambdaBasicPolicy",
            "data.aws_iam_policy_document.lambda-assume-role-policy"
          ]
        }
      ]
    },
    {
      "mode": "managed",
      "type": "aws_lambda_function",
      "name": "updateAppointmentTime",
      "provider": "provider[\"registry.terraform.io/hashicorp/aws\"]",
      "instances": [
        {
          "schema_version": 0,
          "attributes": {
            "arn": "arn:aws:lambda:us-east-1:767487638823:function:updateAppointmentTime",
            "code_signing_config_arn": "",
            "dead_letter_config": [],
            "description": "",
            "environment": [],
            "file_system_config": [],
            "filename": ".\\deployment_packages\\updateAppointmentTime.zip",
            "function_name": "updateAppointmentTime",
            "handler": "index.js",
            "id": "updateAppointmentTime",
            "image_config": [],
            "image_uri": "",
            "invoke_arn": "arn:aws:apigateway:us-east-1:lambda:path/2015-03-31/functions/arn:aws:lambda:us-east-1:767487638823:function:updateAppointmentTime/invocations",
            "kms_key_arn": "",
            "last_modified": "2021-09-03T16:56:44.142+0000",
            "layers": null,
            "memory_size": 128,
            "package_type": "Zip",
            "publish": false,
            "qualified_arn": "arn:aws:lambda:us-east-1:767487638823:function:updateAppointmentTime:$LATEST",
            "reserved_concurrent_executions": -1,
            "role": "arn:aws:iam::767487638823:role/crowdless_Lambda",
            "runtime": "nodejs12.x",
            "s3_bucket": null,
            "s3_key": null,
            "s3_object_version": null,
            "signing_job_arn": "",
            "signing_profile_version_arn": "",
            "source_code_hash": "tQ7Kip/vvNbfD/FGh2HaEE6vTnEHO6yT6FChF4wV4wg=",
            "source_code_size": 1069,
            "tags": null,
            "tags_all": {},
            "timeout": 3,
            "timeouts": null,
            "tracing_config": [
              {
                "mode": "PassThrough"
              }
            ],
            "version": "$LATEST",
            "vpc_config": []
          },
          "sensitive_attributes": [],
          "private": "eyJlMmJmYjczMC1lY2FhLTExZTYtOGY4OC0zNDM2M2JjN2M0YzAiOnsiY3JlYXRlIjo2MDAwMDAwMDAwMDB9fQ==",
          "dependencies": [
            "aws_iam_role.crowdless_lambda_role",
            "data.aws_iam_policy.lambdaBasicPolicy",
            "data.aws_iam_policy_document.lambda-assume-role-policy"
          ]
        }
      ]
    },
    {
      "mode": "managed",
      "type": "aws_lambda_function",
      "name": "userCancelAppointment",
      "provider": "provider[\"registry.terraform.io/hashicorp/aws\"]",
      "instances": [
        {
          "schema_version": 0,
          "attributes": {
            "arn": "arn:aws:lambda:us-east-1:767487638823:function:userCancelAppointment",
            "code_signing_config_arn": "",
            "dead_letter_config": [],
            "description": "",
            "environment": [],
            "file_system_config": [],
            "filename": ".\\deployment_packages\\userCancelAppointment.zip",
            "function_name": "userCancelAppointment",
            "handler": "index.js",
            "id": "userCancelAppointment",
            "image_config": [],
            "image_uri": "",
            "invoke_arn": "arn:aws:apigateway:us-east-1:lambda:path/2015-03-31/functions/arn:aws:lambda:us-east-1:767487638823:function:userCancelAppointment/invocations",
            "kms_key_arn": "",
            "last_modified": "2021-09-03T16:55:43.089+0000",
            "layers": null,
            "memory_size": 128,
            "package_type": "Zip",
            "publish": false,
            "qualified_arn": "arn:aws:lambda:us-east-1:767487638823:function:userCancelAppointment:$LATEST",
            "reserved_concurrent_executions": -1,
            "role": "arn:aws:iam::767487638823:role/crowdless_Lambda",
            "runtime": "nodejs12.x",
            "s3_bucket": null,
            "s3_key": null,
            "s3_object_version": null,
            "signing_job_arn": "",
            "signing_profile_version_arn": "",
            "source_code_hash": "qClBsGq5MSaXhM6ULG0Qv/NuUrrSpIVZNYauE7KXMvk=",
            "source_code_size": 1006,
            "tags": null,
            "tags_all": {},
            "timeout": 3,
            "timeouts": null,
            "tracing_config": [
              {
                "mode": "PassThrough"
              }
            ],
            "version": "$LATEST",
            "vpc_config": []
          },
          "sensitive_attributes": [],
          "private": "eyJlMmJmYjczMC1lY2FhLTExZTYtOGY4OC0zNDM2M2JjN2M0YzAiOnsiY3JlYXRlIjo2MDAwMDAwMDAwMDB9fQ==",
          "dependencies": [
            "aws_iam_role.crowdless_lambda_role",
            "data.aws_iam_policy.lambdaBasicPolicy",
            "data.aws_iam_policy_document.lambda-assume-role-policy"
          ]
        }
      ]
    },
    {
      "mode": "managed",
      "type": "aws_lambda_function",
      "name": "webClientCloseConnection",
      "provider": "provider[\"registry.terraform.io/hashicorp/aws\"]",
      "instances": [
        {
          "schema_version": 0,
          "attributes": {
            "arn": "arn:aws:lambda:us-east-1:767487638823:function:webClientCloseConnection",
            "code_signing_config_arn": "",
            "dead_letter_config": [],
            "description": "",
            "environment": [],
            "file_system_config": [],
            "filename": ".\\deployment_packages\\webClientCloseConnection.zip",
            "function_name": "webClientCloseConnection",
            "handler": "index.js",
            "id": "webClientCloseConnection",
            "image_config": [],
            "image_uri": "",
            "invoke_arn": "arn:aws:apigateway:us-east-1:lambda:path/2015-03-31/functions/arn:aws:lambda:us-east-1:767487638823:function:webClientCloseConnection/invocations",
            "kms_key_arn": "",
            "last_modified": "2021-09-03T16:53:39.065+0000",
            "layers": null,
            "memory_size": 128,
            "package_type": "Zip",
            "publish": false,
            "qualified_arn": "arn:aws:lambda:us-east-1:767487638823:function:webClientCloseConnection:$LATEST",
            "reserved_concurrent_executions": -1,
            "role": "arn:aws:iam::767487638823:role/crowdless_Lambda",
            "runtime": "nodejs12.x",
            "s3_bucket": null,
            "s3_key": null,
            "s3_object_version": null,
            "signing_job_arn": "",
            "signing_profile_version_arn": "",
            "source_code_hash": "zBc+hkWzH1B7k2E4w8s7BQqO6LkPHMbgYjW8UhlvRPM=",
            "source_code_size": 564,
            "tags": null,
            "tags_all": {},
            "timeout": 3,
            "timeouts": null,
            "tracing_config": [
              {
                "mode": "PassThrough"
              }
            ],
            "version": "$LATEST",
            "vpc_config": []
          },
          "sensitive_attributes": [],
          "private": "eyJlMmJmYjczMC1lY2FhLTExZTYtOGY4OC0zNDM2M2JjN2M0YzAiOnsiY3JlYXRlIjo2MDAwMDAwMDAwMDB9fQ==",
          "dependencies": [
            "aws_iam_role.crowdless_lambda_role",
            "data.aws_iam_policy.lambdaBasicPolicy",
            "data.aws_iam_policy_document.lambda-assume-role-policy"
          ]
        }
      ]
    },
    {
      "mode": "managed",
      "type": "aws_lambda_function",
      "name": "webClientDefaultRequest",
      "provider": "provider[\"registry.terraform.io/hashicorp/aws\"]",
      "instances": [
        {
          "schema_version": 0,
          "attributes": {
            "arn": "arn:aws:lambda:us-east-1:767487638823:function:webClientDefaultRequest",
            "code_signing_config_arn": "",
            "dead_letter_config": [],
            "description": "",
            "environment": [],
            "file_system_config": [],
            "filename": ".\\deployment_packages\\webClientDefaultRequest.zip",
            "function_name": "webClientDefaultRequest",
            "handler": "index.js",
            "id": "webClientDefaultRequest",
            "image_config": [],
            "image_uri": "",
            "invoke_arn": "arn:aws:apigateway:us-east-1:lambda:path/2015-03-31/functions/arn:aws:lambda:us-east-1:767487638823:function:webClientDefaultRequest/invocations",
            "kms_key_arn": "",
            "last_modified": "2021-09-03T16:57:09.203+0000",
            "layers": null,
            "memory_size": 128,
            "package_type": "Zip",
            "publish": false,
            "qualified_arn": "arn:aws:lambda:us-east-1:767487638823:function:webClientDefaultRequest:$LATEST",
            "reserved_concurrent_executions": -1,
            "role": "arn:aws:iam::767487638823:role/crowdless_Lambda",
            "runtime": "nodejs12.x",
            "s3_bucket": null,
            "s3_key": null,
            "s3_object_version": null,
            "signing_job_arn": "",
            "signing_profile_version_arn": "",
            "source_code_hash": "WrgUM5euryVKCkUZGkS1y3mBpdKKdCys7nyuJ/NoGGU=",
            "source_code_size": 366,
            "tags": null,
            "tags_all": {},
            "timeout": 3,
            "timeouts": null,
            "tracing_config": [
              {
                "mode": "PassThrough"
              }
            ],
            "version": "$LATEST",
            "vpc_config": []
          },
          "sensitive_attributes": [],
          "private": "eyJlMmJmYjczMC1lY2FhLTExZTYtOGY4OC0zNDM2M2JjN2M0YzAiOnsiY3JlYXRlIjo2MDAwMDAwMDAwMDB9fQ==",
          "dependencies": [
            "aws_iam_role.crowdless_lambda_role",
            "data.aws_iam_policy.lambdaBasicPolicy",
            "data.aws_iam_policy_document.lambda-assume-role-policy"
          ]
        }
      ]
    },
    {
      "mode": "managed",
      "type": "aws_lambda_function",
      "name": "webClientOpenConnection",
      "provider": "provider[\"registry.terraform.io/hashicorp/aws\"]",
      "instances": [
        {
          "schema_version": 0,
          "attributes": {
            "arn": "arn:aws:lambda:us-east-1:767487638823:function:webClientOpenConnection",
            "code_signing_config_arn": "",
            "dead_letter_config": [],
            "description": "",
            "environment": [],
            "file_system_config": [],
            "filename": ".\\deployment_packages\\webClientOpenConnection.zip",
            "function_name": "webClientOpenConnection",
            "handler": "index.js",
            "id": "webClientOpenConnection",
            "image_config": [],
            "image_uri": "",
            "invoke_arn": "arn:aws:apigateway:us-east-1:lambda:path/2015-03-31/functions/arn:aws:lambda:us-east-1:767487638823:function:webClientOpenConnection/invocations",
            "kms_key_arn": "",
            "last_modified": "2021-09-03T16:55:30.106+0000",
            "layers": null,
            "memory_size": 128,
            "package_type": "Zip",
            "publish": false,
            "qualified_arn": "arn:aws:lambda:us-east-1:767487638823:function:webClientOpenConnection:$LATEST",
            "reserved_concurrent_executions": -1,
            "role": "arn:aws:iam::767487638823:role/crowdless_Lambda",
            "runtime": "nodejs12.x",
            "s3_bucket": null,
            "s3_key": null,
            "s3_object_version": null,
            "signing_job_arn": "",
            "signing_profile_version_arn": "",
            "source_code_hash": "jBZ6G8nE48UONzsE1JUJi1aggAQ7u7V9tFohF6MvA9g=",
            "source_code_size": 410,
            "tags": null,
            "tags_all": {},
            "timeout": 3,
            "timeouts": null,
            "tracing_config": [
              {
                "mode": "PassThrough"
              }
            ],
            "version": "$LATEST",
            "vpc_config": []
          },
          "sensitive_attributes": [],
          "private": "eyJlMmJmYjczMC1lY2FhLTExZTYtOGY4OC0zNDM2M2JjN2M0YzAiOnsiY3JlYXRlIjo2MDAwMDAwMDAwMDB9fQ==",
          "dependencies": [
            "aws_iam_role.crowdless_lambda_role",
            "data.aws_iam_policy.lambdaBasicPolicy",
            "data.aws_iam_policy_document.lambda-assume-role-policy"
          ]
        }
      ]
    },
    {
      "mode": "managed",
      "type": "aws_lambda_permission",
      "name": "bookAppointmentInvokePermission",
      "provider": "provider[\"registry.terraform.io/hashicorp/aws\"]",
      "instances": [
        {
          "schema_version": 0,
          "attributes": {
            "action": "lambda:InvokeFunction",
            "event_source_token": null,
            "function_name": "bookAppointment",
            "id": "AllowCrowdlessRestInvoke",
            "principal": "apigateway.amazonaws.com",
            "qualifier": "",
            "source_account": null,
            "source_arn": "arn:aws:execute-api:us-east-1:767487638823:op8ffw6bil/*/*/bookappointment",
            "statement_id": "AllowCrowdlessRestInvoke",
            "statement_id_prefix": null
          },
          "sensitive_attributes": [],
          "private": "bnVsbA==",
          "dependencies": [
            "aws_api_gateway_resource.bookAppointment",
            "aws_api_gateway_rest_api.crowdlessRestAPI",
            "aws_iam_role.crowdless_lambda_role",
            "aws_lambda_function.bookAppointment",
            "data.aws_iam_policy.lambdaBasicPolicy",
            "data.aws_iam_policy_document.lambda-assume-role-policy"
          ]
        }
      ]
    }
  ]
}
